
Microsoft Visual Studio Solution File, Format Version 12.00
# Visual Studio Version 17
VisualStudioVersion = 17.2.32616.157
MinimumVisualStudioVersion = 10.0.40219.1
Project("{FAE04EC0-301F-11D3-BF4B-00C04F79EFBC}") = "BankSolution", "BankSolution\BankSolution.csproj", "{F43B17CA-066C-4886-AFDC-9BD8A32E8E4A}"
EndProject
Project("{FAE04EC0-301F-11D3-BF4B-00C04F79EFBC}") = "BankSolution.Tests", "BankSolution.Tests\BankSolution.Tests.csproj", "{91F2BB3B-4EC8-494A-90B0-A0636953DEC1}"
EndProject
Global
	GlobalSection(SolutionConfigurationPlatforms) = preSolution
		Debug|Any CPU = Debug|Any CPU
		Release|Any CPU = Release|Any CPU
	EndGlobalSection
	GlobalSection(ProjectConfigurationPlatforms) = postSolution
		{F43B17CA-066C-4886-AFDC-9BD8A32E8E4A}.Debug|Any CPU.ActiveCfg = Debug|Any CPU
		{F43B17CA-066C-4886-AFDC-9BD8A32E8E4A}.Debug|Any CPU.Build.0 = Debug|Any CPU
		{F43B17CA-066C-4886-AFDC-9BD8A32E8E4A}.Release|Any CPU.ActiveCfg = Release|Any CPU
		{F43B17CA-066C-4886-AFDC-9BD8A32E8E4A}.Release|Any CPU.Build.0 = Release|Any CPU
		{91F2BB3B-4EC8-494A-90B0-A0636953DEC1}.Debug|Any CPU.ActiveCfg = Debug|Any CPU
		{91F2BB3B-4EC8-494A-90B0-A0636953DEC1}.Debug|Any CPU.Build.0 = Debug|Any CPU
		{91F2BB3B-4EC8-494A-90B0-A0636953DEC1}.Release|Any CPU.ActiveCfg = Release|Any CPU
		{91F2BB3B-4EC8-494A-90B0-A0636953DEC1}.Release|Any CPU.Build.0 = Release|Any CPU
	EndGlobalSection
	GlobalSection(SolutionProperties) = preSolution
		HideSolutionNode = FALSE
	EndGlobalSection
	GlobalSection(ExtensibilityGlobals) = postSolution
		SolutionGuid = {18162BF8-B81B-462A-9156-D127E03D86ED}
	EndGlobalSection
EndGlobal
